dependencies:
- name: dex
  repository: https://charts.dexidp.io
  version: 0.19.1
- name: oauth2-proxy
  repository: https://oauth2-proxy.github.io/manifests
  version: 7.7.17
- name: httpbin
  repository: https://conservis.github.io/helm-charts
  version: 1.1.0
- name: hello-world
  repository: https://conservis.github.io/helm-charts
  version: 1.1.0
digest: sha256:274c86d93f227112320fc01932b63bfda313bef3451d177a6a54a769097ea2a0
generated: "2024-09-09T12:01:23.633878537Z"
